
Microsoft Visual Studio Solution File, Format Version 12.00
# Visual Studio Version 17
VisualStudioVersion = 17.0.31717.71
MinimumVisualStudioVersion = 10.0.40219.1
Project("{2150E333-8FDC-42A3-9474-1A3956D46DE8}") = "src", "src", "{2327B2D8-5D9E-4A73-B24C-91C12203313D}"
EndProject
Project("{9A19103F-16F7-4668-BE54-9A1E7A4F7556}") = "Cassiopeia.Client", "src\Cassiopeia.Client\Cassiopeia.Client.csproj", "{5F00B7BE-56F1-431A-88A8-A097DE2E60BB}"
EndProject
Project("{9A19103F-16F7-4668-BE54-9A1E7A4F7556}") = "Cassiopeia.Protocol", "src\Cassiopeia.Protocol\Cassiopeia.Protocol.csproj", "{8BB9195D-24CD-43C9-970D-028164EA8C78}"
EndProject
Project("{2150E333-8FDC-42A3-9474-1A3956D46DE8}") = "tests", "tests", "{AC93316D-874C-4782-8EAC-C98DB80BC7FF}"
EndProject
Project("{9A19103F-16F7-4668-BE54-9A1E7A4F7556}") = "Cassiopeia.ConsoleApp", "tests\Cassiopeia.ConsoleApp\Cassiopeia.ConsoleApp.csproj", "{A54BAD13-5778-43FB-A782-6DBB054198D3}"
EndProject
Project("{9A19103F-16F7-4668-BE54-9A1E7A4F7556}") = "Cassiopeia.Connections", "src\Cassiopeia.Connections\Cassiopeia.Connections.csproj", "{C65AE6C6-4698-4CF5-997B-A0E3814CD818}"
EndProject
Project("{9A19103F-16F7-4668-BE54-9A1E7A4F7556}") = "Cassiopeia.Broker", "src\Cassiopeia.Broker\Cassiopeia.Broker.csproj", "{AD4CDC95-F0A7-4F72-AC3E-502468423E3E}"
EndProject
Project("{9A19103F-16F7-4668-BE54-9A1E7A4F7556}") = "Cassiopeia.Protocol.Generator", "src\Cassiopeia.Protocol.Generator\Cassiopeia.Protocol.Generator.csproj", "{92C652A4-749E-4517-94F7-0AED9AB084AB}"
EndProject
Project("{9A19103F-16F7-4668-BE54-9A1E7A4F7556}") = "Cassiopeia.Core", "src\Cassiopeia.Core\Cassiopeia.Core.csproj", "{3C532489-EA5B-40A9-87DE-54E1DEC11D1F}"
EndProject
Project("{9A19103F-16F7-4668-BE54-9A1E7A4F7556}") = "Cassiopeia.IO", "src\Cassiopeia.IO\Cassiopeia.IO.csproj", "{89061583-4407-4C08-A5F7-AAE121AB34AD}"
EndProject
Global
	GlobalSection(SolutionConfigurationPlatforms) = preSolution
		Debug|Any CPU = Debug|Any CPU
		Release|Any CPU = Release|Any CPU
	EndGlobalSection
	GlobalSection(ProjectConfigurationPlatforms) = postSolution
		{5F00B7BE-56F1-431A-88A8-A097DE2E60BB}.Debug|Any CPU.ActiveCfg = Debug|Any CPU
		{5F00B7BE-56F1-431A-88A8-A097DE2E60BB}.Debug|Any CPU.Build.0 = Debug|Any CPU
		{5F00B7BE-56F1-431A-88A8-A097DE2E60BB}.Release|Any CPU.ActiveCfg = Release|Any CPU
		{5F00B7BE-56F1-431A-88A8-A097DE2E60BB}.Release|Any CPU.Build.0 = Release|Any CPU
		{8BB9195D-24CD-43C9-970D-028164EA8C78}.Debug|Any CPU.ActiveCfg = Debug|Any CPU
		{8BB9195D-24CD-43C9-970D-028164EA8C78}.Debug|Any CPU.Build.0 = Debug|Any CPU
		{8BB9195D-24CD-43C9-970D-028164EA8C78}.Release|Any CPU.ActiveCfg = Release|Any CPU
		{8BB9195D-24CD-43C9-970D-028164EA8C78}.Release|Any CPU.Build.0 = Release|Any CPU
		{A54BAD13-5778-43FB-A782-6DBB054198D3}.Debug|Any CPU.ActiveCfg = Debug|Any CPU
		{A54BAD13-5778-43FB-A782-6DBB054198D3}.Debug|Any CPU.Build.0 = Debug|Any CPU
		{A54BAD13-5778-43FB-A782-6DBB054198D3}.Release|Any CPU.ActiveCfg = Release|Any CPU
		{A54BAD13-5778-43FB-A782-6DBB054198D3}.Release|Any CPU.Build.0 = Release|Any CPU
		{C65AE6C6-4698-4CF5-997B-A0E3814CD818}.Debug|Any CPU.ActiveCfg = Debug|Any CPU
		{C65AE6C6-4698-4CF5-997B-A0E3814CD818}.Debug|Any CPU.Build.0 = Debug|Any CPU
		{C65AE6C6-4698-4CF5-997B-A0E3814CD818}.Release|Any CPU.ActiveCfg = Release|Any CPU
		{C65AE6C6-4698-4CF5-997B-A0E3814CD818}.Release|Any CPU.Build.0 = Release|Any CPU
		{AD4CDC95-F0A7-4F72-AC3E-502468423E3E}.Debug|Any CPU.ActiveCfg = Debug|Any CPU
		{AD4CDC95-F0A7-4F72-AC3E-502468423E3E}.Debug|Any CPU.Build.0 = Debug|Any CPU
		{AD4CDC95-F0A7-4F72-AC3E-502468423E3E}.Release|Any CPU.ActiveCfg = Release|Any CPU
		{AD4CDC95-F0A7-4F72-AC3E-502468423E3E}.Release|Any CPU.Build.0 = Release|Any CPU
		{92C652A4-749E-4517-94F7-0AED9AB084AB}.Debug|Any CPU.ActiveCfg = Debug|Any CPU
		{92C652A4-749E-4517-94F7-0AED9AB084AB}.Debug|Any CPU.Build.0 = Debug|Any CPU
		{92C652A4-749E-4517-94F7-0AED9AB084AB}.Release|Any CPU.ActiveCfg = Release|Any CPU
		{92C652A4-749E-4517-94F7-0AED9AB084AB}.Release|Any CPU.Build.0 = Release|Any CPU
		{3C532489-EA5B-40A9-87DE-54E1DEC11D1F}.Debug|Any CPU.ActiveCfg = Debug|Any CPU
		{3C532489-EA5B-40A9-87DE-54E1DEC11D1F}.Debug|Any CPU.Build.0 = Debug|Any CPU
		{3C532489-EA5B-40A9-87DE-54E1DEC11D1F}.Release|Any CPU.ActiveCfg = Release|Any CPU
		{3C532489-EA5B-40A9-87DE-54E1DEC11D1F}.Release|Any CPU.Build.0 = Release|Any CPU
		{89061583-4407-4C08-A5F7-AAE121AB34AD}.Debug|Any CPU.ActiveCfg = Debug|Any CPU
		{89061583-4407-4C08-A5F7-AAE121AB34AD}.Debug|Any CPU.Build.0 = Debug|Any CPU
		{89061583-4407-4C08-A5F7-AAE121AB34AD}.Release|Any CPU.ActiveCfg = Release|Any CPU
		{89061583-4407-4C08-A5F7-AAE121AB34AD}.Release|Any CPU.Build.0 = Release|Any CPU
	EndGlobalSection
	GlobalSection(SolutionProperties) = preSolution
		HideSolutionNode = FALSE
	EndGlobalSection
	GlobalSection(NestedProjects) = preSolution
		{5F00B7BE-56F1-431A-88A8-A097DE2E60BB} = {2327B2D8-5D9E-4A73-B24C-91C12203313D}
		{8BB9195D-24CD-43C9-970D-028164EA8C78} = {2327B2D8-5D9E-4A73-B24C-91C12203313D}
		{A54BAD13-5778-43FB-A782-6DBB054198D3} = {AC93316D-874C-4782-8EAC-C98DB80BC7FF}
		{C65AE6C6-4698-4CF5-997B-A0E3814CD818} = {2327B2D8-5D9E-4A73-B24C-91C12203313D}
		{AD4CDC95-F0A7-4F72-AC3E-502468423E3E} = {2327B2D8-5D9E-4A73-B24C-91C12203313D}
		{92C652A4-749E-4517-94F7-0AED9AB084AB} = {2327B2D8-5D9E-4A73-B24C-91C12203313D}
		{3C532489-EA5B-40A9-87DE-54E1DEC11D1F} = {2327B2D8-5D9E-4A73-B24C-91C12203313D}
		{89061583-4407-4C08-A5F7-AAE121AB34AD} = {2327B2D8-5D9E-4A73-B24C-91C12203313D}
	EndGlobalSection
	GlobalSection(ExtensibilityGlobals) = postSolution
		SolutionGuid = {1A2391FC-DE3D-49BA-9EB7-9C82E0A644BB}
	EndGlobalSection
EndGlobal
